
Microsoft Visual Studio Solution File, Format Version 12.00
# Visual Studio Version 16
VisualStudioVersion = 16.0.30711.63
MinimumVisualStudioVersion = 10.0.40219.1
Project("{9A19103F-16F7-4668-BE54-9A1E7A4F7556}") = "RobotWar", "RobotWar\RobotWar.csproj", "{178EE1D3-9546-433F-BCAD-C800DC72807B}"
EndProject
Project("{FAE04EC0-301F-11D3-BF4B-00C04F79EFBC}") = "RoborWar.Test", "RoborWar.Test\RoborWar.Test.csproj", "{B633297D-6076-408B-B482-1F90ACC6F8EE}"
EndProject
Global
	GlobalSection(SolutionConfigurationPlatforms) = preSolution
		Debug|Any CPU = Debug|Any CPU
		Release|Any CPU = Release|Any CPU
	EndGlobalSection
	GlobalSection(ProjectConfigurationPlatforms) = postSolution
		{178EE1D3-9546-433F-BCAD-C800DC72807B}.Debug|Any CPU.ActiveCfg = Debug|Any CPU
		{178EE1D3-9546-433F-BCAD-C800DC72807B}.Debug|Any CPU.Build.0 = Debug|Any CPU
		{178EE1D3-9546-433F-BCAD-C800DC72807B}.Release|Any CPU.ActiveCfg = Release|Any CPU
		{178EE1D3-9546-433F-BCAD-C800DC72807B}.Release|Any CPU.Build.0 = Release|Any CPU
		{B633297D-6076-408B-B482-1F90ACC6F8EE}.Debug|Any CPU.ActiveCfg = Debug|Any CPU
		{B633297D-6076-408B-B482-1F90ACC6F8EE}.Debug|Any CPU.Build.0 = Debug|Any CPU
		{B633297D-6076-408B-B482-1F90ACC6F8EE}.Release|Any CPU.ActiveCfg = Release|Any CPU
		{B633297D-6076-408B-B482-1F90ACC6F8EE}.Release|Any CPU.Build.0 = Release|Any CPU
	EndGlobalSection
	GlobalSection(SolutionProperties) = preSolution
		HideSolutionNode = FALSE
	EndGlobalSection
	GlobalSection(ExtensibilityGlobals) = postSolution
		SolutionGuid = {A656250B-B287-404F-AAF6-DF063D7A3EC3}
	EndGlobalSection
EndGlobal
